// !$*UTF8*$!
{
	archiveVersion = 1;
	classes = {
	};
	objectVersion = 50;
	objects = {

/* Begin PBXBuildFile section */
		D0BF50D925F9C7EF004A50E7 /* AppDelegate.swift in Sources */ = {isa = PBXBuildFile; fileRef = D0BF50D825F9C7EF004A50E7 /* AppDelegate.swift */; };
		D0BF50DB25F9C7EF004A50E7 /* SceneDelegate.swift in Sources */ = {isa = PBXBuildFile; fileRef = D0BF50DA25F9C7EF004A50E7 /* SceneDelegate.swift */; };
		D0BF50DD25F9C7EF004A50E7 /* ViewController.swift in Sources */ = {isa = PBXBuildFile; fileRef = D0BF50DC25F9C7EF004A50E7 /* ViewController.swift */; };
		D0BF50E025F9C7EF004A50E7 /* Main.storyboard in Resources */ = {isa = PBXBuildFile; fileRef = D0BF50DE25F9C7EF004A50E7 /* Main.storyboard */; };
		D0BF50E225F9C7F0004A50E7 /* Assets.xcassets in Resources */ = {isa = PBXBuildFile; fileRef = D0BF50E125F9C7F0004A50E7 /* Assets.xcassets */; };
		D0BF50E525F9C7F0004A50E7 /* LaunchScreen.storyboard in Resources */ = {isa = PBXBuildFile; fileRef = D0BF50E325F9C7F0004A50E7 /* LaunchScreen.storyboard */; };
/* End PBXBuildFile section */

/* Begin PBXFileReference section */
		D0BF50D525F9C7EF004A50E7 /* HeIsJustAKid.app */ = {isa = PBXFileReference; explicitFileType = wrapper.application; includeInIndex = 0; path = HeIsJustAKid.app; sourceTree = BUILT_PRODUCTS_DIR; };
		D0BF50D825F9C7EF004A50E7 /* AppDelegate.swift */ = {isa = PBXFileReference; lastKnownFileType = sourcecode.swift; path = AppDelegate.swift; sourceTree = "<group>"; };
		D0BF50DA25F9C7EF004A50E7 /* SceneDelegate.swift */ = {isa = PBXFileReference; lastKnownFileType = sourcecode.swift; path = SceneDelegate.swift; sourceTree = "<group>"; };
		D0BF50DC25F9C7EF004A50E7 /* ViewController.swift */ = {isa = PBXFileReference; lastKnownFileType = sourcecode.swift; path = ViewController.swift; sourceTree = "<group>"; };
		D0BF50DF25F9C7EF004A50E7 /* Base */ = {isa = PBXFileReference; lastKnownFileType = file.storyboard; name = Base; path = Base.lproj/Main.storyboard; sourceTree = "<group>"; };
		D0BF50E125F9C7F0004A50E7 /* Assets.xcassets */ = {isa = PBXFileReference; lastKnownFileType = folder.assetcatalog; path = Assets.xcassets; sourceTree = "<group>"; };
		D0BF50E425F9C7F0004A50E7 /* Base */ = {isa = PBXFileReference; lastKnownFileType = file.storyboard; name = Base; path = Base.lproj/LaunchScreen.storyboard; sourceTree = "<group>"; };
		D0BF50E625F9C7F0004A50E7 /* Info.plist */ = {isa = PBXFileReference; lastKnownFileType = text.plist.xml; path = Info.plist; sourceTree = "<group>"; };
/* End PBXFileReference section */

/* Begin PBXFrameworksBuildPhase section */
		D0BF50D225F9C7EF004A50E7 /* Frameworks */ = {
			isa = PBXFrameworksBuildPhase;
			buildActionMask = 2147483647;
			files = (
			);
			runOnlyForDeploymentPostprocessing = 0;
		};
/* End PBXFrameworksBuildPhase section */

/* Begin PBXGroup section */
		D0BF50CC25F9C7EF004A50E7 = {
			isa = PBXGroup;
			children = (
				D0BF50D725F9C7EF004A50E7 /* HeIsJustAKid */,
				D0BF50D625F9C7EF004A50E7 /* Products */,
			);
			sourceTree = "<group>";
		};
		D0BF50D625F9C7EF004A50E7 /* Products */ = {
			isa = PBXGroup;
			children = (
				D0BF50D525F9C7EF004A50E7 /* HeIsJustAKid.app */,
			);
			name = Products;
			sourceTree = "<group>";
		};
		D0BF50D725F9C7EF004A50E7 /* HeIsJustAKid */ = {
			isa = PBXGroup;
			children = (
				D0BF50D825F9C7EF004A50E7 /* AppDelegate.swift */,
				D0BF50DA25F9C7EF004A50E7 /* SceneDelegate.swift */,
				D0BF50DC25F9C7EF004A50E7 /* ViewController.swift */,
				D0BF50DE25F9C7EF004A50E7 /* Main.storyboard */,
				D0BF50E125F9C7F0004A50E7 /* Assets.xcassets */,
				D0BF50E325F9C7F0004A50E7 /* LaunchScreen.storyboard */,
				D0BF50E625F9C7F0004A50E7 /* Info.plist */,
			);
			path = HeIsJustAKid;
			sourceTree = "<group>";
		};
/* End PBXGroup section */

/* Begin PBXNativeTarget section */
		D0BF50D425F9C7EF004A50E7 /* HeIsJustAKid */ = {
			isa = PBXNativeTarget;
			buildConfigurationList = D0BF50E925F9C7F0004A50E7 /* Build configuration list for PBXNativeTarget "HeIsJustAKid" */;
			buildPhases = (
				D0BF50D125F9C7EF004A50E7 /* Sources */,
				D0BF50D225F9C7EF004A50E7 /* Frameworks */,
				D0BF50D325F9C7EF004A50E7 /* Resources */,
			);
			buildRules = (
			);
			dependencies = (
			);
			name = HeIsJustAKid;
			productName = HeIsJustAKid;
			productReference = D0BF50D525F9C7EF004A50E7 /* HeIsJustAKid.app */;
			productType = "com.apple.product-type.application";
		};
/* End PBXNativeTarget section */

/* Begin PBXProject section */
		D0BF50CD25F9C7EF004A50E7 /* Project object */ = {
			isa = PBXProject;
			attributes = {
				LastSwiftUpdateCheck = 1240;
				LastUpgradeCheck = 1240;
				TargetAttributes = {
					D0BF50D425F9C7EF004A50E7 = {
						CreatedOnToolsVersion = 12.4;
					};
				};
			};
			buildConfigurationList = D0BF50D025F9C7EF004A50E7 /* Build configuration list for PBXProject "HeIsJustAKid" */;
			compatibilityVersion = "Xcode 9.3";
			developmentRegion = en;
			hasScannedForEncodings = 0;
			knownRegions = (
				en,
				Base,
			);
			mainGroup = D0BF50CC25F9C7EF004A50E7;
			productRefGroup = D0BF50D625F9C7EF004A50E7 /* Products */;
			projectDirPath = "";
			projectRoot = "";
			targets = (
				D0BF50D425F9C7EF004A50E7 /* HeIsJustAKid */,
			);
		};
/* End PBXProject section */

/* Begin PBXResourcesBuildPhase section */
		D0BF50D325F9C7EF004A50E7 /* Resources */ = {
			isa = PBXResourcesBuildPhase;
			buildActionMask = 2147483647;
			files = (
				D0BF50E525F9C7F0004A50E7 /* LaunchScreen.storyboard in Resources */,
				D0BF50E225F9C7F0004A50E7 /* Assets.xcassets in Resources */,
				D0BF50E025F9C7EF004A50E7 /* Main.storyboard in Resources */,
			);
			runOnlyForDeploymentPostprocessing = 0;
		};
/* End PBXResourcesBuildPhase section */

/* Begin PBXSourcesBuildPhase section */
		D0BF50D125F9C7EF004A50E7 /* Sources */ = {
			isa = PBXSourcesBuildPhase;
			buildActionMask = 2147483647;
			files = (
				D0BF50DD25F9C7EF004A50E7 /* ViewController.swift in Sources */,
				D0BF50D925F9C7EF004A50E7 /* AppDelegate.swift in Sources */,
				D0BF50DB25F9C7EF004A50E7 /* SceneDelegate.swift in Sources */,
			);
			runOnlyForDeploymentPostprocessing = 0;
		};
/* End PBXSourcesBuildPhase section */

/* Begin PBXVariantGroup section */
		D0BF50DE25F9C7EF004A50E7 /* Main.storyboard */ = {
			isa = PBXVariantGroup;
			children = (
				D0BF50DF25F9C7EF004A50E7 /* Base */,
			);
			name = Main.storyboard;
			sourceTree = "<group>";
		};
		D0BF50E325F9C7F0004A50E7 /* LaunchScreen.storyboard */ = {
			isa = PBXVariantGroup;
			children = (
				D0BF50E425F9C7F0004A50E7 /* Base */,
			);
			name = LaunchScreen.storyboard;
			sourceTree = "<group>";
		};
/* End PBXVariantGroup section */

/* Begin XCBuildConfiguration section */
		D0BF50E725F9C7F0004A50E7 /* Debug */ = {
			isa = XCBuildConfiguration;
			buildSettings = {
				ALWAYS_SEARCH_USER_PATHS = NO;
				CLANG_ANALYZER_NONNULL = YES;
				CLANG_ANALYZER_NUMBER_OBJECT_CONVERSION = YES_AGGRESSIVE;
				CLANG_CXX_LANGUAGE_STANDARD = "gnu++14";
				CLANG_CXX_LIBRARY = "libc++";
				CLANG_ENABLE_MODULES = YES;
				CLANG_ENABLE_OBJC_ARC = YES;
				CLANG_ENABLE_OBJC_WEAK = YES;
				CLANG_WARN_BLOCK_CAPTURE_AUTORELEASING = YES;
				CLANG_WARN_BOOL_CONVERSION = YES;
				CLANG_WARN_COMMA = YES;
				CLANG_WARN_CONSTANT_CONVERSION = YES;
				CLANG_WARN_DEPRECATED_OBJC_IMPLEMENTATIONS = YES;
				CLANG_WARN_DIRECT_OBJC_ISA_USAGE = YES_ERROR;
				CLANG_WARN_DOCUMENTATION_COMMENTS = YES;
				CLANG_WARN_EMPTY_BODY = YES;
				CLANG_WARN_ENUM_CONVERSION = YES;
				CLANG_WARN_INFINITE_RECURSION = YES;
				CLANG_WARN_INT_CONVERSION = YES;
				CLANG_WARN_NON_LITERAL_NULL_CONVERSION = YES;
				CLANG_WARN_OBJC_IMPLICIT_RETAIN_SELF = YES;
				CLANG_WARN_OBJC_LITERAL_CONVERSION = YES;
				CLANG_WARN_OBJC_ROOT_CLASS = YES_ERROR;
				CLANG_WARN_QUOTED_INCLUDE_IN_FRAMEWORK_HEADER = YES;
				CLANG_WARN_RANGE_LOOP_ANALYSIS = YES;
				CLANG_WARN_STRICT_PROTOTYPES = YES;
				CLANG_WARN_SUSPICIOUS_MOVE = YES;
				CLANG_WARN_UNGUARDED_AVAILABILITY = YES_AGGRESSIVE;
				CLANG_WARN_UNREACHABLE_CODE = YES;
				CLANG_WARN__DUPLICATE_METHOD_MATCH = YES;
				COPY_PHASE_STRIP = NO;
				DEBUG_INFORMATION_FORMAT = dwarf;
				ENABLE_STRICT_OBJC_MSGSEND = YES;
				ENABLE_TESTABILITY = YES;
				GCC_C_LANGUAGE_STANDARD = gnu11;
				GCC_DYNAMIC_NO_PIC = NO;
				GCC_NO_COMMON_BLOCKS = YES;
				GCC_OPTIMIZATION_LEVEL = 0;
				GCC_PREPROCESSOR_DEFINITIONS = (
					"DEBUG=1",
					"$(inherited)",
				);
				GCC_WARN_64_TO_32_BIT_CONVERSION = YES;
				GCC_WARN_ABOUT_RETURN_TYPE = YES_ERROR;
				GCC_WARN_UNDECLARED_SELECTOR = YES;
				GCC_WARN_UNINITIALIZED_AUTOS = YES_AGGRESSIVE;
				GCC_WARN_UNUSED_FUNCTION = YES;
				GCC_WARN_UNUSED_VARIABLE = YES;
				IPHONEOS_DEPLOYMENT_TARGET = 14.4;
				MTL_ENABLE_DEBUG_INFO = INCLUDE_SOURCE;
				MTL_FAST_MATH = YES;
				ONLY_ACTIVE_ARCH = YES;
				SDKROOT = iphoneos;
				SWIFT_ACTIVE_COMPILATION_CONDITIONS = DEBUG;
				SWIFT_OPTIMIZATION_LEVEL = "-Onone";
			};
			name = Debug;
		};
		D0BF50E825F9C7F0004A50E7 /* Release */ = {
			isa = XCBuildConfiguration;
			buildSettings = {
				ALWAYS_SEARCH_USER_PATHS = NO;
				CLANG_ANALYZER_NONNULL = YES;
				CLANG_ANALYZER_NUMBER_OBJECT_CONVERSION = YES_AGGRESSIVE;
				CLANG_CXX_LANGUAGE_STANDARD = "gnu++14";
				CLANG_CXX_LIBRARY = "libc++";
				CLANG_ENABLE_MODULES = YES;
				CLANG_ENABLE_OBJC_ARC = YES;
				CLANG_ENABLE_OBJC_WEAK = YES;
				CLANG_WARN_BLOCK_CAPTURE_AUTORELEASING = YES;
				CLANG_WARN_BOOL_CONVERSION = YES;
				CLANG_WARN_COMMA = YES;
				CLANG_WARN_CONSTANT_CONVERSION = YES;
				CLANG_WARN_DEPRECATED_OBJC_IMPLEMENTATIONS = YES;
				CLANG_WARN_DIRECT_OBJC_ISA_USAGE = YES_ERROR;
				CLANG_WARN_DOCUMENTATION_COMMENTS = YES;
				CLANG_WARN_EMPTY_BODY = YES;
				CLANG_WARN_ENUM_CONVERSION = YES;
				CLANG_WARN_INFINITE_RECURSION = YES;
				CLANG_WARN_INT_CONVERSION = YES;
				CLANG_WARN_NON_LITERAL_NULL_CONVERSION = YES;
				CLANG_WARN_OBJC_IMPLICIT_RETAIN_SELF = YES;
				CLANG_WARN_OBJC_LITERAL_CONVERSION = YES;
				CLANG_WARN_OBJC_ROOT_CLASS = YES_ERROR;
				CLANG_WARN_QUOTED_INCLUDE_IN_FRAMEWORK_HEADER = YES;
				CLANG_WARN_RANGE_LOOP_ANALYSIS = YES;
				CLANG_WARN_STRICT_PROTOTYPES = YES;
				CLANG_WARN_SUSPICIOUS_MOVE = YES;
				CLANG_WARN_UNGUARDED_AVAILABILITY = YES_AGGRESSIVE;
				CLANG_WARN_UNREACHABLE_CODE = YES;
				CLANG_WARN__DUPLICATE_METHOD_MATCH = YES;
				COPY_PHASE_STRIP = NO;
				DEBUG_INFORMATION_FORMAT = "dwarf-with-dsym";
				ENABLE_NS_ASSERTIONS = NO;
				ENABLE_STRICT_OBJC_MSGSEND = YES;
				GCC_C_LANGUAGE_STANDARD = gnu11;
				GCC_NO_COMMON_BLOCKS = YES;
				GCC_WARN_64_TO_32_BIT_CONVERSION = YES;
				GCC_WARN_ABOUT_RETURN_TYPE = YES_ERROR;
				GCC_WARN_UNDECLARED_SELECTOR = YES;
				GCC_WARN_UNINITIALIZED_AUTOS = YES_AGGRESSIVE;
				GCC_WARN_UNUSED_FUNCTION = YES;
				GCC_WARN_UNUSED_VARIABLE = YES;
				IPHONEOS_DEPLOYMENT_TARGET = 14.4;
				MTL_ENABLE_DEBUG_INFO = NO;
				MTL_FAST_MATH = YES;
				SDKROOT = iphoneos;
				SWIFT_COMPILATION_MODE = wholemodule;
				SWIFT_OPTIMIZATION_LEVEL = "-O";
				VALIDATE_PRODUCT = YES;
			};
			name = Release;
		};
		D0BF50EA25F9C7F0004A50E7 /* Debug */ = {
			isa = XCBuildConfiguration;
			buildSettings = {
				ASSETCATALOG_COMPILER_APPICON_NAME = AppIcon;
				ASSETCATALOG_COMPILER_GLOBAL_ACCENT_COLOR_NAME = AccentColor;
				CODE_SIGN_STYLE = Automatic;
				DEVELOPMENT_TEAM = HNRGA8RFE7;
				INFOPLIST_FILE = HeIsJustAKid/Info.plist;
				LD_RUNPATH_SEARCH_PATHS = (
					"$(inherited)",
					"@executable_path/Frameworks",
				);
				PRODUCT_BUNDLE_IDENTIFIER = com.ucs.6F.HeIsJustAKid;
				PRODUCT_NAME = "$(TARGET_NAME)";
				SWIFT_VERSION = 5.0;
				TARGETED_DEVICE_FAMILY = "1,2";
			};
			name = Debug;
		};
		D0BF50EB25F9C7F0004A50E7 /* Release */ = {
			isa = XCBuildConfiguration;
			buildSettings = {
				ASSETCATALOG_COMPILER_APPICON_NAME = AppIcon;
				ASSETCATALOG_COMPILER_GLOBAL_ACCENT_COLOR_NAME = AccentColor;
				CODE_SIGN_STYLE = Automatic;
				DEVELOPMENT_TEAM = HNRGA8RFE7;
				INFOPLIST_FILE = HeIsJustAKid/Info.plist;
				LD_RUNPATH_SEARCH_PATHS = (
					"$(inherited)",
					"@executable_path/Frameworks",
				);
				PRODUCT_BUNDLE_IDENTIFIER = com.ucs.6F.HeIsJustAKid;
				PRODUCT_NAME = "$(TARGET_NAME)";
				SWIFT_VERSION = 5.0;
				TARGETED_DEVICE_FAMILY = "1,2";
			};
			name = Release;
		};
/* End XCBuildConfiguration section */

/* Begin XCConfigurationList section */
		D0BF50D025F9C7EF004A50E7 /* Build configuration list for PBXProject "HeIsJustAKid" */ = {
			isa = XCConfigurationList;
			buildConfigurations = (
				D0BF50E725F9C7F0004A50E7 /* Debug */,
				D0BF50E825F9C7F0004A50E7 /* Release */,
			);
			defaultConfigurationIsVisible = 0;
			defaultConfigurationName = Release;
		};
		D0BF50E925F9C7F0004A50E7 /* Build configuration list for PBXNativeTarget "HeIsJustAKid" */ = {
			isa = XCConfigurationList;
			buildConfigurations = (
				D0BF50EA25F9C7F0004A50E7 /* Debug */,
				D0BF50EB25F9C7F0004A50E7 /* Release */,
			);
			defaultConfigurationIsVisible = 0;
			defaultConfigurationName = Release;
		};
/* End XCConfigurationList section */
	};
	rootObject = D0BF50CD25F9C7EF004A50E7 /* Project object */;
}
